
Microsoft Visual Studio Solution File, Format Version 12.00
# Visual Studio Version 16
VisualStudioVersion = 16.0.30621.155
MinimumVisualStudioVersion = 10.0.40219.1
Project("{FAE04EC0-301F-11D3-BF4B-00C04F79EFBC}") = "RRQMTcpClient", "RRQMTcpClient\RRQMTcpClient.csproj", "{80693BAC-9CB1-4BF7-AFB6-69245A74188D}"
EndProject
Project("{FAE04EC0-301F-11D3-BF4B-00C04F79EFBC}") = "RPCHttpClient", "RPCHttpClient\RPCHttpClient.csproj", "{426C18F5-8C26-4EAC-9415-8B5659F86EF6}"
EndProject
Global
	GlobalSection(SolutionConfigurationPlatforms) = preSolution
		Debug|Any CPU = Debug|Any CPU
		Release|Any CPU = Release|Any CPU
	EndGlobalSection
	GlobalSection(ProjectConfigurationPlatforms) = postSolution
		{80693BAC-9CB1-4BF7-AFB6-69245A74188D}.Debug|Any CPU.ActiveCfg = Debug|Any CPU
		{80693BAC-9CB1-4BF7-AFB6-69245A74188D}.Debug|Any CPU.Build.0 = Debug|Any CPU
		{80693BAC-9CB1-4BF7-AFB6-69245A74188D}.Release|Any CPU.ActiveCfg = Release|Any CPU
		{80693BAC-9CB1-4BF7-AFB6-69245A74188D}.Release|Any CPU.Build.0 = Release|Any CPU
		{426C18F5-8C26-4EAC-9415-8B5659F86EF6}.Debug|Any CPU.ActiveCfg = Debug|Any CPU
		{426C18F5-8C26-4EAC-9415-8B5659F86EF6}.Debug|Any CPU.Build.0 = Debug|Any CPU
		{426C18F5-8C26-4EAC-9415-8B5659F86EF6}.Release|Any CPU.ActiveCfg = Release|Any CPU
		{426C18F5-8C26-4EAC-9415-8B5659F86EF6}.Release|Any CPU.Build.0 = Release|Any CPU
	EndGlobalSection
	GlobalSection(SolutionProperties) = preSolution
		HideSolutionNode = FALSE
	EndGlobalSection
	GlobalSection(ExtensibilityGlobals) = postSolution
		SolutionGuid = {D8BDD2C7-EB0E-413F-A2C6-93EEDF57562A}
	EndGlobalSection
EndGlobal
