
Microsoft Visual Studio Solution File, Format Version 12.00
# Visual Studio Version 16
VisualStudioVersion = 16.0.30621.155
MinimumVisualStudioVersion = 10.0.40219.1
Project("{FAE04EC0-301F-11D3-BF4B-00C04F79EFBC}") = "RRQMClientTest", "RRQMClient\RRQMClientTest.csproj", "{AFCA5154-BB82-4344-A462-32AD6E648BC4}"
EndProject
Global
	GlobalSection(SolutionConfigurationPlatforms) = preSolution
		Debug|Any CPU = Debug|Any CPU
		Release|Any CPU = Release|Any CPU
	EndGlobalSection
	GlobalSection(ProjectConfigurationPlatforms) = postSolution
		{AFCA5154-BB82-4344-A462-32AD6E648BC4}.Debug|Any CPU.ActiveCfg = Debug|Any CPU
		{AFCA5154-BB82-4344-A462-32AD6E648BC4}.Debug|Any CPU.Build.0 = Debug|Any CPU
		{AFCA5154-BB82-4344-A462-32AD6E648BC4}.Release|Any CPU.ActiveCfg = Release|Any CPU
		{AFCA5154-BB82-4344-A462-32AD6E648BC4}.Release|Any CPU.Build.0 = Release|Any CPU
	EndGlobalSection
	GlobalSection(SolutionProperties) = preSolution
		HideSolutionNode = FALSE
	EndGlobalSection
	GlobalSection(ExtensibilityGlobals) = postSolution
		SolutionGuid = {84ACF57D-613E-4CFB-9070-F02DCC98EBEC}
	EndGlobalSection
EndGlobal
